PODS:
  - Alamofire (4.0.1)
  - DynamicColor (3.1.0)
  - GoogleMaps (2.1.0):
    - GoogleMaps/Maps (= 2.1.0)
  - GoogleMaps/Base (2.1.0)
  - GoogleMaps/Maps (2.1.0):
    - GoogleMaps/Base (= 2.1.0)
  - GooglePlaces (2.1.0):
    - GoogleMaps/Base (= 2.1.0)
  - Tactile (2.0)

DEPENDENCIES:
  - Alamofire (~> 4.0)
  - DynamicColor (~> 3.1.0)
  - GoogleMaps
  - GooglePlaces
  - Tactile (~> 2.0)

SPEC CHECKSUMS:
  Alamofire: 7682d43245de14874acd142ec137b144aa1dd335
  DynamicColor: 4dec283a881f7f9d9f3bc88fb5f306724242575f
  GoogleMaps: '06589b9a38097bce0cd6e90f0fd9b5e4b4a9344c'
  GooglePlaces: 16e96266483b8010e9f275399403647978523c86
  Tactile: 22d5686693be17568351b95aa83ef37457cd40f4

PODFILE CHECKSUM: 6f2812b46a3b04ff5f823c5a77d174bb6a56af13

COCOAPODS: 1.2.0
