// !$*UTF8*$!
{
	archiveVersion = 1;
	classes = {
	};
	objectVersion = 46;
	objects = {

/* Begin PBXBuildFile section */
		5A98F7E83340C73A0A05EFBC /* Pods_mealShake.framework in Frameworks */ = {isa = PBXBuildFile; fileRef = D079D0734727EDF45AADA63E /* Pods_mealShake.framework */; };
		8521B9531F81656B0085449F /* GoogleApiPlace.swift in Sources */ = {isa = PBXBuildFile; fileRef = 8521B9521F81656B0085449F /* GoogleApiPlace.swift */; };
		8577381E1E9A9D9000002CAB /* LaunchViewController.swift in Sources */ = {isa = PBXBuildFile; fileRef = 8577381D1E9A9D9000002CAB /* LaunchViewController.swift */; };
		857738201E9AA12C00002CAB /* MainViewController.swift in Sources */ = {isa = PBXBuildFile; fileRef = 8577381F1E9AA12C00002CAB /* MainViewController.swift */; };
		857738221E9AA26300002CAB /* Theme.swift in Sources */ = {isa = PBXBuildFile; fileRef = 857738211E9AA26300002CAB /* Theme.swift */; };
		85A2D6FF1E9AA9630036FCC2 /* APIKey.swift in Sources */ = {isa = PBXBuildFile; fileRef = 85A2D6FE1E9AA9630036FCC2 /* APIKey.swift */; };
		85A2D7011E9AAB8F0036FCC2 /* GoogleMapsManager.swift in Sources */ = {isa = PBXBuildFile; fileRef = 85A2D7001E9AAB8F0036FCC2 /* GoogleMapsManager.swift */; };
		85C9EEE71E9A96E000735399 /* AppDelegate.swift in Sources */ = {isa = PBXBuildFile; fileRef = 85C9EEE61E9A96E000735399 /* AppDelegate.swift */; };
		85C9EEEE1E9A96E000735399 /* Assets.xcassets in Resources */ = {isa = PBXBuildFile; fileRef = 85C9EEED1E9A96E000735399 /* Assets.xcassets */; };
		85C9EEF11E9A96E000735399 /* LaunchScreen.storyboard in Resources */ = {isa = PBXBuildFile; fileRef = 85C9EEEF1E9A96E000735399 /* LaunchScreen.storyboard */; };
		85C9EEFC1E9A96E000735399 /* mealShakeTests.swift in Sources */ = {isa = PBXBuildFile; fileRef = 85C9EEFB1E9A96E000735399 /* mealShakeTests.swift */; };
/* End PBXBuildFile section */

/* Begin PBXContainerItemProxy section */
		85C9EEF81E9A96E000735399 /* PBXContainerItemProxy */ = {
			isa = PBXContainerItemProxy;
			containerPortal = 85C9EEDB1E9A96E000735399 /* Project object */;
			proxyType = 1;
			remoteGlobalIDString = 85C9EEE21E9A96E000735399;
			remoteInfo = mealShake;
		};
/* End PBXContainerItemProxy section */

/* Begin PBXFileReference section */
		8521B9521F81656B0085449F /* GoogleApiPlace.swift */ = {isa = PBXFileReference; fileEncoding = 4; lastKnownFileType = sourcecode.swift; path = GoogleApiPlace.swift; sourceTree = "<group>"; };
		8577381D1E9A9D9000002CAB /* LaunchViewController.swift */ = {isa = PBXFileReference; fileEncoding = 4; lastKnownFileType = sourcecode.swift; path = LaunchViewController.swift; sourceTree = "<group>"; };
		8577381F1E9AA12C00002CAB /* MainViewController.swift */ = {isa = PBXFileReference; fileEncoding = 4; lastKnownFileType = sourcecode.swift; path = MainViewController.swift; sourceTree = "<group>"; };
		857738211E9AA26300002CAB /* Theme.swift */ = {isa = PBXFileReference; fileEncoding = 4; lastKnownFileType = sourcecode.swift; path = Theme.swift; sourceTree = "<group>"; };
		85A2D6FE1E9AA9630036FCC2 /* APIKey.swift */ = {isa = PBXFileReference; fileEncoding = 4; lastKnownFileType = sourcecode.swift; path = APIKey.swift; sourceTree = "<group>"; };
		85A2D7001E9AAB8F0036FCC2 /* GoogleMapsManager.swift */ = {isa = PBXFileReference; fileEncoding = 4; lastKnownFileType = sourcecode.swift; path = GoogleMapsManager.swift; sourceTree = "<group>"; };
		85C9EEE31E9A96E000735399 /* mealShake.app */ = {isa = PBXFileReference; explicitFileType = wrapper.application; includeInIndex = 0; path = mealShake.app; sourceTree = BUILT_PRODUCTS_DIR; };
		85C9EEE61E9A96E000735399 /* AppDelegate.swift */ = {isa = PBXFileReference; lastKnownFileType = sourcecode.swift; path = AppDelegate.swift; sourceTree = "<group>"; };
		85C9EEED1E9A96E000735399 /* Assets.xcassets */ = {isa = PBXFileReference; lastKnownFileType = folder.assetcatalog; path = Assets.xcassets; sourceTree = "<group>"; };
		85C9EEF01E9A96E000735399 /* Base */ = {isa = PBXFileReference; lastKnownFileType = file.storyboard; name = Base; path = Base.lproj/LaunchScreen.storyboard; sourceTree = "<group>"; };
		85C9EEF21E9A96E000735399 /* Info.plist */ = {isa = PBXFileReference; lastKnownFileType = text.plist.xml; path = Info.plist; sourceTree = "<group>"; };
		85C9EEF71E9A96E000735399 /* mealShakeTests.xctest */ = {isa = PBXFileReference; explicitFileType = wrapper.cfbundle; includeInIndex = 0; path = mealShakeTests.xctest; sourceTree = BUILT_PRODUCTS_DIR; };
		85C9EEFB1E9A96E000735399 /* mealShakeTests.swift */ = {isa = PBXFileReference; lastKnownFileType = sourcecode.swift; path = mealShakeTests.swift; sourceTree = "<group>"; };
		85C9EEFD1E9A96E000735399 /* Info.plist */ = {isa = PBXFileReference; lastKnownFileType = text.plist.xml; path = Info.plist; sourceTree = "<group>"; };
		A85C2A758D0B42AE042D5553 /* Pods-mealShake.release.xcconfig */ = {isa = PBXFileReference; includeInIndex = 1; lastKnownFileType = text.xcconfig; name = "Pods-mealShake.release.xcconfig"; path = "Pods/Target Support Files/Pods-mealShake/Pods-mealShake.release.xcconfig"; sourceTree = "<group>"; };
		D079D0734727EDF45AADA63E /* Pods_mealShake.framework */ = {isa = PBXFileReference; explicitFileType = wrapper.framework; includeInIndex = 0; path = Pods_mealShake.framework; sourceTree = BUILT_PRODUCTS_DIR; };
		F716735917BDAFB01ADA2E84 /* Pods-mealShake.debug.xcconfig */ = {isa = PBXFileReference; includeInIndex = 1; lastKnownFileType = text.xcconfig; name = "Pods-mealShake.debug.xcconfig"; path = "Pods/Target Support Files/Pods-mealShake/Pods-mealShake.debug.xcconfig"; sourceTree = "<group>"; };
/* End PBXFileReference section */

/* Begin PBXFrameworksBuildPhase section */
		85C9EEE01E9A96E000735399 /* Frameworks */ = {
			isa = PBXFrameworksBuildPhase;
			buildActionMask = 2147483647;
			files = (
				5A98F7E83340C73A0A05EFBC /* Pods_mealShake.framework in Frameworks */,
			);
			runOnlyForDeploymentPostprocessing = 0;
		};
		85C9EEF41E9A96E000735399 /* Frameworks */ = {
			isa = PBXFrameworksBuildPhase;
			buildActionMask = 2147483647;
			files = (
			);
			runOnlyForDeploymentPostprocessing = 0;
		};
/* End PBXFrameworksBuildPhase section */

/* Begin PBXGroup section */
		449BA585F5A7D1619E73CE73 /* Pods */ = {
			isa = PBXGroup;
			children = (
				F716735917BDAFB01ADA2E84 /* Pods-mealShake.debug.xcconfig */,
				A85C2A758D0B42AE042D5553 /* Pods-mealShake.release.xcconfig */,
			);
			name = Pods;
			sourceTree = "<group>";
		};
		857738161E9A9C3D00002CAB /* Resources */ = {
			isa = PBXGroup;
			children = (
				85C9EEED1E9A96E000735399 /* Assets.xcassets */,
				85C9EEEF1E9A96E000735399 /* LaunchScreen.storyboard */,
			);
			name = Resources;
			sourceTree = "<group>";
		};
		857738171E9A9CA100002CAB /* Extensions */ = {
			isa = PBXGroup;
			children = (
			);
			name = Extensions;
			sourceTree = "<group>";
		};
		857738181E9A9CC000002CAB /* Models */ = {
			isa = PBXGroup;
			children = (
			);
			name = Models;
			sourceTree = "<group>";
		};
		857738191E9A9CC600002CAB /* Managers */ = {
			isa = PBXGroup;
			children = (
				8521B9521F81656B0085449F /* GoogleApiPlace.swift */,
				857738211E9AA26300002CAB /* Theme.swift */,
				85A2D6FE1E9AA9630036FCC2 /* APIKey.swift */,
				85A2D7001E9AAB8F0036FCC2 /* GoogleMapsManager.swift */,
			);
			name = Managers;
			sourceTree = "<group>";
		};
		8577381A1E9A9CCE00002CAB /* Components */ = {
			isa = PBXGroup;
			children = (
			);
			name = Components;
			sourceTree = "<group>";
		};
		8577381B1E9A9CDF00002CAB /* ViewControllers */ = {
			isa = PBXGroup;
			children = (
				8577381D1E9A9D9000002CAB /* LaunchViewController.swift */,
				8577381F1E9AA12C00002CAB /* MainViewController.swift */,
			);
			name = ViewControllers;
			sourceTree = "<group>";
		};
		8577381C1E9A9CEC00002CAB /* AppDelegate */ = {
			isa = PBXGroup;
			children = (
				85C9EEE61E9A96E000735399 /* AppDelegate.swift */,
			);
			name = AppDelegate;
			sourceTree = "<group>";
		};
		85C9EEDA1E9A96E000735399 = {
			isa = PBXGroup;
			children = (
				85C9EEE51E9A96E000735399 /* mealShake */,
				85C9EEFA1E9A96E000735399 /* mealShakeTests */,
				85C9EEE41E9A96E000735399 /* Products */,
				449BA585F5A7D1619E73CE73 /* Pods */,
				91BF6385710BA12427A2CA2D /* Frameworks */,
			);
			sourceTree = "<group>";
		};
		85C9EEE41E9A96E000735399 /* Products */ = {
			isa = PBXGroup;
			children = (
				85C9EEE31E9A96E000735399 /* mealShake.app */,
				85C9EEF71E9A96E000735399 /* mealShakeTests.xctest */,
			);
			name = Products;
			sourceTree = "<group>";
		};
		85C9EEE51E9A96E000735399 /* mealShake */ = {
			isa = PBXGroup;
			children = (
				8577381C1E9A9CEC00002CAB /* AppDelegate */,
				8577381B1E9A9CDF00002CAB /* ViewControllers */,
				8577381A1E9A9CCE00002CAB /* Components */,
				857738191E9A9CC600002CAB /* Managers */,
				857738181E9A9CC000002CAB /* Models */,
				857738171E9A9CA100002CAB /* Extensions */,
				857738161E9A9C3D00002CAB /* Resources */,
				85C9EEF21E9A96E000735399 /* Info.plist */,
			);
			path = mealShake;
			sourceTree = "<group>";
		};
		85C9EEFA1E9A96E000735399 /* mealShakeTests */ = {
			isa = PBXGroup;
			children = (
				85C9EEFB1E9A96E000735399 /* mealShakeTests.swift */,
				85C9EEFD1E9A96E000735399 /* Info.plist */,
			);
			path = mealShakeTests;
			sourceTree = "<group>";
		};
		91BF6385710BA12427A2CA2D /* Frameworks */ = {
			isa = PBXGroup;
			children = (
				D079D0734727EDF45AADA63E /* Pods_mealShake.framework */,
			);
			name = Frameworks;
			sourceTree = "<group>";
		};
/* End PBXGroup section */

/* Begin PBXNativeTarget section */
		85C9EEE21E9A96E000735399 /* mealShake */ = {
			isa = PBXNativeTarget;
			buildConfigurationList = 85C9EF001E9A96E000735399 /* Build configuration list for PBXNativeTarget "mealShake" */;
			buildPhases = (
				2DD57DD6A8D40C0AD328D7A9 /* [CP] Check Pods Manifest.lock */,
				85C9EEDF1E9A96E000735399 /* Sources */,
				85C9EEE01E9A96E000735399 /* Frameworks */,
				85C9EEE11E9A96E000735399 /* Resources */,
				D031BF0F18A348370D261360 /* [CP] Embed Pods Frameworks */,
				86B0F1E1F5E204FA054C86DE /* [CP] Copy Pods Resources */,
			);
			buildRules = (
			);
			dependencies = (
			);
			name = mealShake;
			productName = mealShake;
			productReference = 85C9EEE31E9A96E000735399 /* mealShake.app */;
			productType = "com.apple.product-type.application";
		};
		85C9EEF61E9A96E000735399 /* mealShakeTests */ = {
			isa = PBXNativeTarget;
			buildConfigurationList = 85C9EF031E9A96E000735399 /* Build configuration list for PBXNativeTarget "mealShakeTests" */;
			buildPhases = (
				85C9EEF31E9A96E000735399 /* Sources */,
				85C9EEF41E9A96E000735399 /* Frameworks */,
				85C9EEF51E9A96E000735399 /* Resources */,
			);
			buildRules = (
			);
			dependencies = (
				85C9EEF91E9A96E000735399 /* PBXTargetDependency */,
			);
			name = mealShakeTests;
			productName = mealShakeTests;
			productReference = 85C9EEF71E9A96E000735399 /* mealShakeTests.xctest */;
			productType = "com.apple.product-type.bundle.unit-test";
		};
/* End PBXNativeTarget section */

/* Begin PBXProject section */
		85C9EEDB1E9A96E000735399 /* Project object */ = {
			isa = PBXProject;
			attributes = {
				LastSwiftUpdateCheck = 0830;
				LastUpgradeCheck = 0830;
				ORGANIZATIONNAME = "Margot Filleton";
				TargetAttributes = {
					85C9EEE21E9A96E000735399 = {
						CreatedOnToolsVersion = 8.3.1;
						DevelopmentTeam = KQZ9DR9AQ3;
						ProvisioningStyle = Automatic;
					};
					85C9EEF61E9A96E000735399 = {
						CreatedOnToolsVersion = 8.3.1;
						DevelopmentTeam = BUUTZMF7SV;
						ProvisioningStyle = Automatic;
						TestTargetID = 85C9EEE21E9A96E000735399;
					};
				};
			};
			buildConfigurationList = 85C9EEDE1E9A96E000735399 /* Build configuration list for PBXProject "mealShake" */;
			compatibilityVersion = "Xcode 3.2";
			developmentRegion = English;
			hasScannedForEncodings = 0;
			knownRegions = (
				en,
				Base,
			);
			mainGroup = 85C9EEDA1E9A96E000735399;
			productRefGroup = 85C9EEE41E9A96E000735399 /* Products */;
			projectDirPath = "";
			projectRoot = "";
			targets = (
				85C9EEE21E9A96E000735399 /* mealShake */,
				85C9EEF61E9A96E000735399 /* mealShakeTests */,
			);
		};
/* End PBXProject section */

/* Begin PBXResourcesBuildPhase section */
		85C9EEE11E9A96E000735399 /* Resources */ = {
			isa = PBXResourcesBuildPhase;
			buildActionMask = 2147483647;
			files = (
				85C9EEF11E9A96E000735399 /* LaunchScreen.storyboard in Resources */,
				85C9EEEE1E9A96E000735399 /* Assets.xcassets in Resources */,
			);
			runOnlyForDeploymentPostprocessing = 0;
		};
		85C9EEF51E9A96E000735399 /* Resources */ = {
			isa = PBXResourcesBuildPhase;
			buildActionMask = 2147483647;
			files = (
			);
			runOnlyForDeploymentPostprocessing = 0;
		};
/* End PBXResourcesBuildPhase section */

/* Begin PBXShellScriptBuildPhase section */
		2DD57DD6A8D40C0AD328D7A9 /* [CP] Check Pods Manifest.lock */ = {
			isa = PBXShellScriptBuildPhase;
			buildActionMask = 2147483647;
			files = (
			);
			inputPaths = (
				"${PODS_PODFILE_DIR_PATH}/Podfile.lock",
				"${PODS_ROOT}/Manifest.lock",
			);
			name = "[CP] Check Pods Manifest.lock";
			outputPaths = (
				"$(DERIVED_FILE_DIR)/Pods-mealShake-checkManifestLockResult.txt",
			);
			runOnlyForDeploymentPostprocessing = 0;
			shellPath = /bin/sh;
			shellScript = "diff \"${PODS_PODFILE_DIR_PATH}/Podfile.lock\" \"${PODS_ROOT}/Manifest.lock\" > /dev/null\nif [ $? != 0 ] ; then\n    # print error to STDERR\n    echo \"error: The sandbox is not in sync with the Podfile.lock. Run 'pod install' or update your CocoaPods installation.\" >&2\n    exit 1\nfi\n# This output is used by Xcode 'outputs' to avoid re-running this script phase.\necho \"SUCCESS\" > \"${SCRIPT_OUTPUT_FILE_0}\"\n";
			showEnvVarsInLog = 0;
		};
		86B0F1E1F5E204FA054C86DE /* [CP] Copy Pods Resources */ = {
			isa = PBXShellScriptBuildPhase;
			buildActionMask = 2147483647;
			files = (
			);
			inputPaths = (
				"${SRCROOT}/Pods/Target Support Files/Pods-mealShake/Pods-mealShake-resources.sh",
				"${PODS_ROOT}/GoogleMaps/Subspecs/Maps/Frameworks/GoogleMaps.framework/Versions/A/Resources/GoogleMaps.bundle",
				"${PODS_ROOT}/GooglePlaces/Frameworks/GooglePlaces.framework/Versions/A/Resources/GooglePlaces.bundle",
			);
			name = "[CP] Copy Pods Resources";
			outputPaths = (
				"${TARGET_BUILD_DIR}/${UNLOCALIZED_RESOURCES_FOLDER_PATH}",
			);
			runOnlyForDeploymentPostprocessing = 0;
			shellPath = /bin/sh;
			shellScript = "\"${SRCROOT}/Pods/Target Support Files/Pods-mealShake/Pods-mealShake-resources.sh\"\n";
			showEnvVarsInLog = 0;
		};
		D031BF0F18A348370D261360 /* [CP] Embed Pods Frameworks */ = {
			isa = PBXShellScriptBuildPhase;
			buildActionMask = 2147483647;
			files = (
			);
			inputPaths = (
				"${SRCROOT}/Pods/Target Support Files/Pods-mealShake/Pods-mealShake-frameworks.sh",
				"${BUILT_PRODUCTS_DIR}/Alamofire/Alamofire.framework",
				"${BUILT_PRODUCTS_DIR}/DynamicColor/DynamicColor.framework",
				"${BUILT_PRODUCTS_DIR}/SwiftyJSON/SwiftyJSON.framework",
				"${BUILT_PRODUCTS_DIR}/Tactile/Tactile.framework",
			);
			name = "[CP] Embed Pods Frameworks";
			outputPaths = (
				"${TARGET_BUILD_DIR}/${FRAMEWORKS_FOLDER_PATH}/Alamofire.framework",
				"${TARGET_BUILD_DIR}/${FRAMEWORKS_FOLDER_PATH}/DynamicColor.framework",
				"${TARGET_BUILD_DIR}/${FRAMEWORKS_FOLDER_PATH}/SwiftyJSON.framework",
				"${TARGET_BUILD_DIR}/${FRAMEWORKS_FOLDER_PATH}/Tactile.framework",
			);
			runOnlyForDeploymentPostprocessing = 0;
			shellPath = /bin/sh;
			shellScript = "\"${SRCROOT}/Pods/Target Support Files/Pods-mealShake/Pods-mealShake-frameworks.sh\"\n";
			showEnvVarsInLog = 0;
		};
/* End PBXShellScriptBuildPhase section */

/* Begin PBXSourcesBuildPhase section */
		85C9EEDF1E9A96E000735399 /* Sources */ = {
			isa = PBXSourcesBuildPhase;
			buildActionMask = 2147483647;
			files = (
				8577381E1E9A9D9000002CAB /* LaunchViewController.swift in Sources */,
				857738221E9AA26300002CAB /* Theme.swift in Sources */,
				85C9EEE71E9A96E000735399 /* AppDelegate.swift in Sources */,
				8521B9531F81656B0085449F /* GoogleApiPlace.swift in Sources */,
				85A2D6FF1E9AA9630036FCC2 /* APIKey.swift in Sources */,
				857738201E9AA12C00002CAB /* MainViewController.swift in Sources */,
				85A2D7011E9AAB8F0036FCC2 /* GoogleMapsManager.swift in Sources */,
			);
			runOnlyForDeploymentPostprocessing = 0;
		};
		85C9EEF31E9A96E000735399 /* Sources */ = {
			isa = PBXSourcesBuildPhase;
			buildActionMask = 2147483647;
			files = (
				85C9EEFC1E9A96E000735399 /* mealShakeTests.swift in Sources */,
			);
			runOnlyForDeploymentPostprocessing = 0;
		};
/* End PBXSourcesBuildPhase section */

/* Begin PBXTargetDependency section */
		85C9EEF91E9A96E000735399 /* PBXTargetDependency */ = {
			isa = PBXTargetDependency;
			target = 85C9EEE21E9A96E000735399 /* mealShake */;
			targetProxy = 85C9EEF81E9A96E000735399 /* PBXContainerItemProxy */;
		};
/* End PBXTargetDependency section */

/* Begin PBXVariantGroup section */
		85C9EEEF1E9A96E000735399 /* LaunchScreen.storyboard */ = {
			isa = PBXVariantGroup;
			children = (
				85C9EEF01E9A96E000735399 /* Base */,
			);
			name = LaunchScreen.storyboard;
			sourceTree = "<group>";
		};
/* End PBXVariantGroup section */

/* Begin XCBuildConfiguration section */
		85C9EEFE1E9A96E000735399 /* Debug */ = {
			isa = XCBuildConfiguration;
			buildSettings = {
				ALWAYS_SEARCH_USER_PATHS = NO;
				CLANG_ANALYZER_NONNULL = YES;
				CLANG_ANALYZER_NUMBER_OBJECT_CONVERSION = YES_AGGRESSIVE;
				CLANG_CXX_LANGUAGE_STANDARD = "gnu++0x";
				CLANG_CXX_LIBRARY = "libc++";
				CLANG_ENABLE_MODULES = YES;
				CLANG_ENABLE_OBJC_ARC = YES;
				CLANG_WARN_BOOL_CONVERSION = YES;
				CLANG_WARN_CONSTANT_CONVERSION = YES;
				CLANG_WARN_DIRECT_OBJC_ISA_USAGE = YES_ERROR;
				CLANG_WARN_DOCUMENTATION_COMMENTS = YES;
				CLANG_WARN_EMPTY_BODY = YES;
				CLANG_WARN_ENUM_CONVERSION = YES;
				CLANG_WARN_INFINITE_RECURSION = YES;
				CLANG_WARN_INT_CONVERSION = YES;
				CLANG_WARN_OBJC_ROOT_CLASS = YES_ERROR;
				CLANG_WARN_SUSPICIOUS_MOVE = YES;
				CLANG_WARN_UNREACHABLE_CODE = YES;
				CLANG_WARN__DUPLICATE_METHOD_MATCH = YES;
				"CODE_SIGN_IDENTITY[sdk=iphoneos*]" = "iPhone Developer";
				COPY_PHASE_STRIP = NO;
				DEBUG_INFORMATION_FORMAT = dwarf;
				ENABLE_STRICT_OBJC_MSGSEND = YES;
				ENABLE_TESTABILITY = YES;
				GCC_C_LANGUAGE_STANDARD = gnu99;
				GCC_DYNAMIC_NO_PIC = NO;
				GCC_NO_COMMON_BLOCKS = YES;
				GCC_OPTIMIZATION_LEVEL = 0;
				GCC_PREPROCESSOR_DEFINITIONS = (
					"DEBUG=1",
					"$(inherited)",
				);
				GCC_WARN_64_TO_32_BIT_CONVERSION = YES;
				GCC_WARN_ABOUT_RETURN_TYPE = YES_ERROR;
				GCC_WARN_UNDECLARED_SELECTOR = YES;
				GCC_WARN_UNINITIALIZED_AUTOS = YES_AGGRESSIVE;
				GCC_WARN_UNUSED_FUNCTION = YES;
				GCC_WARN_UNUSED_VARIABLE = YES;
				IPHONEOS_DEPLOYMENT_TARGET = 10.3;
				MTL_ENABLE_DEBUG_INFO = YES;
				ONLY_ACTIVE_ARCH = YES;
				SDKROOT = iphoneos;
				SWIFT_ACTIVE_COMPILATION_CONDITIONS = DEBUG;
				SWIFT_OPTIMIZATION_LEVEL = "-Onone";
			};
			name = Debug;
		};
		85C9EEFF1E9A96E000735399 /* Release */ = {
			isa = XCBuildConfiguration;
			buildSettings = {
				ALWAYS_SEARCH_USER_PATHS = NO;
				CLANG_ANALYZER_NONNULL = YES;
				CLANG_ANALYZER_NUMBER_OBJECT_CONVERSION = YES_AGGRESSIVE;
				CLANG_CXX_LANGUAGE_STANDARD = "gnu++0x";
				CLANG_CXX_LIBRARY = "libc++";
				CLANG_ENABLE_MODULES = YES;
				CLANG_ENABLE_OBJC_ARC = YES;
				CLANG_WARN_BOOL_CONVERSION = YES;
				CLANG_WARN_CONSTANT_CONVERSION = YES;
				CLANG_WARN_DIRECT_OBJC_ISA_USAGE = YES_ERROR;
				CLANG_WARN_DOCUMENTATION_COMMENTS = YES;
				CLANG_WARN_EMPTY_BODY = YES;
				CLANG_WARN_ENUM_CONVERSION = YES;
				CLANG_WARN_INFINITE_RECURSION = YES;
				CLANG_WARN_INT_CONVERSION = YES;
				CLANG_WARN_OBJC_ROOT_CLASS = YES_ERROR;
				CLANG_WARN_SUSPICIOUS_MOVE = YES;
				CLANG_WARN_UNREACHABLE_CODE = YES;
				CLANG_WARN__DUPLICATE_METHOD_MATCH = YES;
				"CODE_SIGN_IDENTITY[sdk=iphoneos*]" = "iPhone Developer";
				COPY_PHASE_STRIP = NO;
				DEBUG_INFORMATION_FORMAT = "dwarf-with-dsym";
				ENABLE_NS_ASSERTIONS = NO;
				ENABLE_STRICT_OBJC_MSGSEND = YES;
				GCC_C_LANGUAGE_STANDARD = gnu99;
				GCC_NO_COMMON_BLOCKS = YES;
				GCC_WARN_64_TO_32_BIT_CONVERSION = YES;
				GCC_WARN_ABOUT_RETURN_TYPE = YES_ERROR;
				GCC_WARN_UNDECLARED_SELECTOR = YES;
				GCC_WARN_UNINITIALIZED_AUTOS = YES_AGGRESSIVE;
				GCC_WARN_UNUSED_FUNCTION = YES;
				GCC_WARN_UNUSED_VARIABLE = YES;
				IPHONEOS_DEPLOYMENT_TARGET = 10.3;
				MTL_ENABLE_DEBUG_INFO = NO;
				SDKROOT = iphoneos;
				SWIFT_OPTIMIZATION_LEVEL = "-Owholemodule";
				VALIDATE_PRODUCT = YES;
			};
			name = Release;
		};
		85C9EF011E9A96E000735399 /* Debug */ = {
			isa = XCBuildConfiguration;
			baseConfigurationReference = F716735917BDAFB01ADA2E84 /* Pods-mealShake.debug.xcconfig */;
			buildSettings = {
				ASSETCATALOG_COMPILER_APPICON_NAME = AppIcon;
				DEVELOPMENT_TEAM = KQZ9DR9AQ3;
				INFOPLIST_FILE = mealShake/Info.plist;
				LD_RUNPATH_SEARCH_PATHS = "$(inherited) @executable_path/Frameworks";
				PRODUCT_BUNDLE_IDENTIFIER = com.mfilleton.mealShake;
				PRODUCT_NAME = "$(TARGET_NAME)";
				SWIFT_VERSION = 3.0;
			};
			name = Debug;
		};
		85C9EF021E9A96E000735399 /* Release */ = {
			isa = XCBuildConfiguration;
			baseConfigurationReference = A85C2A758D0B42AE042D5553 /* Pods-mealShake.release.xcconfig */;
			buildSettings = {
				ASSETCATALOG_COMPILER_APPICON_NAME = AppIcon;
				DEVELOPMENT_TEAM = KQZ9DR9AQ3;
				INFOPLIST_FILE = mealShake/Info.plist;
				LD_RUNPATH_SEARCH_PATHS = "$(inherited) @executable_path/Frameworks";
				PRODUCT_BUNDLE_IDENTIFIER = com.mfilleton.mealShake;
				PRODUCT_NAME = "$(TARGET_NAME)";
				SWIFT_VERSION = 3.0;
			};
			name = Release;
		};
		85C9EF041E9A96E000735399 /* Debug */ = {
			isa = XCBuildConfiguration;
			buildSettings = {
				ALWAYS_EMBED_SWIFT_STANDARD_LIBRARIES = YES;
				BUNDLE_LOADER = "$(TEST_HOST)";
				DEVELOPMENT_TEAM = BUUTZMF7SV;
				INFOPLIST_FILE = mealShakeTests/Info.plist;
				LD_RUNPATH_SEARCH_PATHS = "$(inherited) @executable_path/Frameworks @loader_path/Frameworks";
				PRODUCT_BUNDLE_IDENTIFIER = com.mfilleton.mealShakeTests;
				PRODUCT_NAME = "$(TARGET_NAME)";
				SWIFT_VERSION = 3.0;
				TEST_HOST = "$(BUILT_PRODUCTS_DIR)/mealShake.app/mealShake";
			};
			name = Debug;
		};
		85C9EF051E9A96E000735399 /* Release */ = {
			isa = XCBuildConfiguration;
			buildSettings = {
				ALWAYS_EMBED_SWIFT_STANDARD_LIBRARIES = YES;
				BUNDLE_LOADER = "$(TEST_HOST)";
				DEVELOPMENT_TEAM = BUUTZMF7SV;
				INFOPLIST_FILE = mealShakeTests/Info.plist;
				LD_RUNPATH_SEARCH_PATHS = "$(inherited) @executable_path/Frameworks @loader_path/Frameworks";
				PRODUCT_BUNDLE_IDENTIFIER = com.mfilleton.mealShakeTests;
				PRODUCT_NAME = "$(TARGET_NAME)";
				SWIFT_VERSION = 3.0;
				TEST_HOST = "$(BUILT_PRODUCTS_DIR)/mealShake.app/mealShake";
			};
			name = Release;
		};
/* End XCBuildConfiguration section */

/* Begin XCConfigurationList section */
		85C9EEDE1E9A96E000735399 /* Build configuration list for PBXProject "mealShake" */ = {
			isa = XCConfigurationList;
			buildConfigurations = (
				85C9EEFE1E9A96E000735399 /* Debug */,
				85C9EEFF1E9A96E000735399 /* Release */,
			);
			defaultConfigurationIsVisible = 0;
			defaultConfigurationName = Release;
		};
		85C9EF001E9A96E000735399 /* Build configuration list for PBXNativeTarget "mealShake" */ = {
			isa = XCConfigurationList;
			buildConfigurations = (
				85C9EF011E9A96E000735399 /* Debug */,
				85C9EF021E9A96E000735399 /* Release */,
			);
			defaultConfigurationIsVisible = 0;
			defaultConfigurationName = Release;
		};
		85C9EF031E9A96E000735399 /* Build configuration list for PBXNativeTarget "mealShakeTests" */ = {
			isa = XCConfigurationList;
			buildConfigurations = (
				85C9EF041E9A96E000735399 /* Debug */,
				85C9EF051E9A96E000735399 /* Release */,
			);
			defaultConfigurationIsVisible = 0;
			defaultConfigurationName = Release;
		};
/* End XCConfigurationList section */
	};
	rootObject = 85C9EEDB1E9A96E000735399 /* Project object */;
}
